// !$*UTF8*$!
{
	archiveVersion = 1;
	classes = {
	};
	objectVersion = 51;
	objects = {

/* Begin PBXBuildFile section */
		2FAA5C76CFFEBABAABEC9B22 /* Pods_VideoPlayerDemo2UITests.framework in Frameworks */ = {isa = PBXBuildFile; fileRef = 587B685D7F148DC7ACD79E87 /* Pods_VideoPlayerDemo2UITests.framework */; };
		71EA5766B9E21A7C537CFD5B /* Pods_VideoPlayerDemo2.framework in Frameworks */ = {isa = PBXBuildFile; fileRef = 3C644ECA43F47B58BB0198DD /* Pods_VideoPlayerDemo2.framework */; };
		CA24A85C22DED874008E5B27 /* AppDelegate.swift in Sources */ = {isa = PBXBuildFile; fileRef = CA24A85B22DED874008E5B27 /* AppDelegate.swift */; };
		CA24A85E22DED874008E5B27 /* ViewController.swift in Sources */ = {isa = PBXBuildFile; fileRef = CA24A85D22DED874008E5B27 /* ViewController.swift */; };
		CA24A86122DED874008E5B27 /* Main.storyboard in Resources */ = {isa = PBXBuildFile; fileRef = CA24A85F22DED874008E5B27 /* Main.storyboard */; };
		CA24A86322DED875008E5B27 /* Assets.xcassets in Resources */ = {isa = PBXBuildFile; fileRef = CA24A86222DED875008E5B27 /* Assets.xcassets */; };
		CA24A86622DED875008E5B27 /* LaunchScreen.storyboard in Resources */ = {isa = PBXBuildFile; fileRef = CA24A86422DED875008E5B27 /* LaunchScreen.storyboard */; };
		CA24A87122DED875008E5B27 /* VideoPlayerDemo2Tests.swift in Sources */ = {isa = PBXBuildFile; fileRef = CA24A87022DED875008E5B27 /* VideoPlayerDemo2Tests.swift */; };
		CA24A87C22DED875008E5B27 /* VideoPlayerDemo2UITests.swift in Sources */ = {isa = PBXBuildFile; fileRef = CA24A87B22DED875008E5B27 /* VideoPlayerDemo2UITests.swift */; };
		CA6CAEBD22E1AB1100D8094D /* NCMBAnalytics.m in Sources */ = {isa = PBXBuildFile; fileRef = CA6CAE6F22E1AB1100D8094D /* NCMBAnalytics.m */; };
		CA6CAEBE22E1AB1100D8094D /* NCMBRole.m in Sources */ = {isa = PBXBuildFile; fileRef = CA6CAE7322E1AB1100D8094D /* NCMBRole.m */; };
		CA6CAEBF22E1AB1100D8094D /* NCMBObject.m in Sources */ = {isa = PBXBuildFile; fileRef = CA6CAE7422E1AB1100D8094D /* NCMBObject.m */; };
		CA6CAEC022E1AB1100D8094D /* NCMBDateFormat.m in Sources */ = {isa = PBXBuildFile; fileRef = CA6CAE7A22E1AB1100D8094D /* NCMBDateFormat.m */; };
		CA6CAEC122E1AB1100D8094D /* NCMBFile.m in Sources */ = {isa = PBXBuildFile; fileRef = CA6CAE7B22E1AB1100D8094D /* NCMBFile.m */; };
		CA6CAEC222E1AB1100D8094D /* NCMBURLSession.m in Sources */ = {isa = PBXBuildFile; fileRef = CA6CAE7D22E1AB1100D8094D /* NCMBURLSession.m */; };
		CA6CAEC322E1AB1100D8094D /* NCMBACL.m in Sources */ = {isa = PBXBuildFile; fileRef = CA6CAE8422E1AB1100D8094D /* NCMBACL.m */; };
		CA6CAEC422E1AB1100D8094D /* NCMBScriptService.m in Sources */ = {isa = PBXBuildFile; fileRef = CA6CAE8822E1AB1100D8094D /* NCMBScriptService.m */; };
		CA6CAEC522E1AB1100D8094D /* SubClassHandler.m in Sources */ = {isa = PBXBuildFile; fileRef = CA6CAE8A22E1AB1100D8094D /* SubClassHandler.m */; };
		CA6CAEC622E1AB1100D8094D /* NCMBDeleteOperation.m in Sources */ = {isa = PBXBuildFile; fileRef = CA6CAE8F22E1AB1100D8094D /* NCMBDeleteOperation.m */; };
		CA6CAEC722E1AB1100D8094D /* NCMBIncrementOperation.m in Sources */ = {isa = PBXBuildFile; fileRef = CA6CAE9322E1AB1100D8094D /* NCMBIncrementOperation.m */; };
		CA6CAEC822E1AB1100D8094D /* NCMBSetOperation.m in Sources */ = {isa = PBXBuildFile; fileRef = CA6CAE9622E1AB1100D8094D /* NCMBSetOperation.m */; };
		CA6CAEC922E1AB1100D8094D /* NCMBAddUniqueOperation.m in Sources */ = {isa = PBXBuildFile; fileRef = CA6CAE9722E1AB1100D8094D /* NCMBAddUniqueOperation.m */; };
		CA6CAECA22E1AB1100D8094D /* NCMBRelationOperation.m in Sources */ = {isa = PBXBuildFile; fileRef = CA6CAE9822E1AB1100D8094D /* NCMBRelationOperation.m */; };
		CA6CAECB22E1AB1100D8094D /* NCMBAddOperation.m in Sources */ = {isa = PBXBuildFile; fileRef = CA6CAE9922E1AB1100D8094D /* NCMBAddOperation.m */; };
		CA6CAECC22E1AB1100D8094D /* NCMBRemoveOperation.m in Sources */ = {isa = PBXBuildFile; fileRef = CA6CAE9A22E1AB1100D8094D /* NCMBRemoveOperation.m */; };
		CA6CAECD22E1AB1100D8094D /* NCMBCloseImageView.m in Sources */ = {isa = PBXBuildFile; fileRef = CA6CAE9D22E1AB1100D8094D /* NCMBCloseImageView.m */; };
		CA6CAECE22E1AB1100D8094D /* NCMBRichPushView.m in Sources */ = {isa = PBXBuildFile; fileRef = CA6CAEA022E1AB1100D8094D /* NCMBRichPushView.m */; };
		CA6CAECF22E1AB1100D8094D /* NCMBRelation.m in Sources */ = {isa = PBXBuildFile; fileRef = CA6CAEA122E1AB1100D8094D /* NCMBRelation.m */; };
		CA6CAED022E1AB1100D8094D /* NCMBRequest.m in Sources */ = {isa = PBXBuildFile; fileRef = CA6CAEA422E1AB1100D8094D /* NCMBRequest.m */; };
		CA6CAED122E1AB1100D8094D /* NCMBQuery.m in Sources */ = {isa = PBXBuildFile; fileRef = CA6CAEA722E1AB1100D8094D /* NCMBQuery.m */; };
		CA6CAED222E1AB1100D8094D /* NCMBGeoPoint.m in Sources */ = {isa = PBXBuildFile; fileRef = CA6CAEA822E1AB1100D8094D /* NCMBGeoPoint.m */; };
		CA6CAED322E1AB1100D8094D /* NCMBError.m in Sources */ = {isa = PBXBuildFile; fileRef = CA6CAEAB22E1AB1100D8094D /* NCMBError.m */; };
		CA6CAED422E1AB1100D8094D /* NCMBInstallation.m in Sources */ = {isa = PBXBuildFile; fileRef = CA6CAEAC22E1AB1100D8094D /* NCMBInstallation.m */; };
		CA6CAED522E1AB1100D8094D /* NCMBAnonymousUtils.m in Sources */ = {isa = PBXBuildFile; fileRef = CA6CAEAD22E1AB1100D8094D /* NCMBAnonymousUtils.m */; };
		CA6CAED622E1AB1100D8094D /* NCMBScript.m in Sources */ = {isa = PBXBuildFile; fileRef = CA6CAEAE22E1AB1100D8094D /* NCMBScript.m */; };
		CA6CAED722E1AB1100D8094D /* NCMBPush.m in Sources */ = {isa = PBXBuildFile; fileRef = CA6CAEAF22E1AB1100D8094D /* NCMBPush.m */; };
		CA6CAED822E1AB1100D8094D /* NSDataBase64Encode.m in Sources */ = {isa = PBXBuildFile; fileRef = CA6CAEB322E1AB1100D8094D /* NSDataBase64Encode.m */; };
		CA6CAED922E1AB1100D8094D /* NCMBUser.m in Sources */ = {isa = PBXBuildFile; fileRef = CA6CAEB522E1AB1100D8094D /* NCMBUser.m */; };
		CA6CAEDA22E1AB1100D8094D /* NCMB.m in Sources */ = {isa = PBXBuildFile; fileRef = CA6CAEB722E1AB1100D8094D /* NCMB.m */; };
		CA6CAEDB22E1AB1100D8094D /* NCMBReachability.m in Sources */ = {isa = PBXBuildFile; fileRef = CA6CAEB922E1AB1100D8094D /* NCMBReachability.m */; };
		CA6CAEDC22E1AB1100D8094D /* NCMB_Info.plist in Resources */ = {isa = PBXBuildFile; fileRef = CA6CAEBB22E1AB1100D8094D /* NCMB_Info.plist */; };
		CA7387E322DF262400EE601F /* SafariViewController.swift in Sources */ = {isa = PBXBuildFile; fileRef = CA7387E222DF262400EE601F /* SafariViewController.swift */; };
		CA842F2E22DEF9A000C2EAD6 /* VideoViewController2.swift in Sources */ = {isa = PBXBuildFile; fileRef = CA842F2D22DEF9A000C2EAD6 /* VideoViewController2.swift */; };
		CA842F3022DF030800C2EAD6 /* VideoViewController3.swift in Sources */ = {isa = PBXBuildFile; fileRef = CA842F2F22DF030800C2EAD6 /* VideoViewController3.swift */; };
		D14B00294FC1AC5D3D147749 /* Pods_VideoPlayerDemo2Tests.framework in Frameworks */ = {isa = PBXBuildFile; fileRef = DAC180900C0ADDE64B4EB4D2 /* Pods_VideoPlayerDemo2Tests.framework */; };
/* End PBXBuildFile section */

/* Begin PBXContainerItemProxy section */
		CA24A86D22DED875008E5B27 /* PBXContainerItemProxy */ = {
			isa = PBXContainerItemProxy;
			containerPortal = CA24A85022DED874008E5B27 /* Project object */;
			proxyType = 1;
			remoteGlobalIDString = CA24A85722DED874008E5B27;
			remoteInfo = VideoPlayerDemo2;
		};
		CA24A87822DED875008E5B27 /* PBXContainerItemProxy */ = {
			isa = PBXContainerItemProxy;
			containerPortal = CA24A85022DED874008E5B27 /* Project object */;
			proxyType = 1;
			remoteGlobalIDString = CA24A85722DED874008E5B27;
			remoteInfo = VideoPlayerDemo2;
		};
/* End PBXContainerItemProxy section */

/* Begin PBXFileReference section */
		2529854D578E0EDB6790EF62 /* Pods-VideoPlayerDemo2UITests.release.xcconfig */ = {isa = PBXFileReference; includeInIndex = 1; lastKnownFileType = text.xcconfig; name = "Pods-VideoPlayerDemo2UITests.release.xcconfig"; path = "Target Support Files/Pods-VideoPlayerDemo2UITests/Pods-VideoPlayerDemo2UITests.release.xcconfig"; sourceTree = "<group>"; };
		3C644ECA43F47B58BB0198DD /* Pods_VideoPlayerDemo2.framework */ = {isa = PBXFileReference; explicitFileType = wrapper.framework; includeInIndex = 0; path = Pods_VideoPlayerDemo2.framework; sourceTree = BUILT_PRODUCTS_DIR; };
		587B685D7F148DC7ACD79E87 /* Pods_VideoPlayerDemo2UITests.framework */ = {isa = PBXFileReference; explicitFileType = wrapper.framework; includeInIndex = 0; path = Pods_VideoPlayerDemo2UITests.framework; sourceTree = BUILT_PRODUCTS_DIR; };
		5B975A14E1190491AC33BA16 /* Pods-VideoPlayerDemo2.debug.xcconfig */ = {isa = PBXFileReference; includeInIndex = 1; lastKnownFileType = text.xcconfig; name = "Pods-VideoPlayerDemo2.debug.xcconfig"; path = "Target Support Files/Pods-VideoPlayerDemo2/Pods-VideoPlayerDemo2.debug.xcconfig"; sourceTree = "<group>"; };
		6499483C3918259046BB2855 /* Pods-VideoPlayerDemo2.release.xcconfig */ = {isa = PBXFileReference; includeInIndex = 1; lastKnownFileType = text.xcconfig; name = "Pods-VideoPlayerDemo2.release.xcconfig"; path = "Target Support Files/Pods-VideoPlayerDemo2/Pods-VideoPlayerDemo2.release.xcconfig"; sourceTree = "<group>"; };
		9F53EB56A61D4147E5B700A2 /* Pods-VideoPlayerDemo2Tests.release.xcconfig */ = {isa = PBXFileReference; includeInIndex = 1; lastKnownFileType = text.xcconfig; name = "Pods-VideoPlayerDemo2Tests.release.xcconfig"; path = "Target Support Files/Pods-VideoPlayerDemo2Tests/Pods-VideoPlayerDemo2Tests.release.xcconfig"; sourceTree = "<group>"; };
		CA24A85822DED874008E5B27 /* VideoPlayerDemo2.app */ = {isa = PBXFileReference; explicitFileType = wrapper.application; includeInIndex = 0; path = VideoPlayerDemo2.app; sourceTree = BUILT_PRODUCTS_DIR; };
		CA24A85B22DED874008E5B27 /* AppDelegate.swift */ = {isa = PBXFileReference; lastKnownFileType = sourcecode.swift; path = AppDelegate.swift; sourceTree = "<group>"; };
		CA24A85D22DED874008E5B27 /* ViewController.swift */ = {isa = PBXFileReference; lastKnownFileType = sourcecode.swift; path = ViewController.swift; sourceTree = "<group>"; };
		CA24A86022DED874008E5B27 /* Base */ = {isa = PBXFileReference; lastKnownFileType = file.storyboard; name = Base; path = Base.lproj/Main.storyboard; sourceTree = "<group>"; };
		CA24A86222DED875008E5B27 /* Assets.xcassets */ = {isa = PBXFileReference; lastKnownFileType = folder.assetcatalog; path = Assets.xcassets; sourceTree = "<group>"; };
		CA24A86522DED875008E5B27 /* Base */ = {isa = PBXFileReference; lastKnownFileType = file.storyboard; name = Base; path = Base.lproj/LaunchScreen.storyboard; sourceTree = "<group>"; };
		CA24A86722DED875008E5B27 /* Info.plist */ = {isa = PBXFileReference; lastKnownFileType = text.plist.xml; path = Info.plist; sourceTree = "<group>"; };
		CA24A86C22DED875008E5B27 /* VideoPlayerDemo2Tests.xctest */ = {isa = PBXFileReference; explicitFileType = wrapper.cfbundle; includeInIndex = 0; path = VideoPlayerDemo2Tests.xctest; sourceTree = BUILT_PRODUCTS_DIR; };
		CA24A87022DED875008E5B27 /* VideoPlayerDemo2Tests.swift */ = {isa = PBXFileReference; lastKnownFileType = sourcecode.swift; path = VideoPlayerDemo2Tests.swift; sourceTree = "<group>"; };
		CA24A87222DED875008E5B27 /* Info.plist */ = {isa = PBXFileReference; lastKnownFileType = text.plist.xml; path = Info.plist; sourceTree = "<group>"; };
		CA24A87722DED875008E5B27 /* VideoPlayerDemo2UITests.xctest */ = {isa = PBXFileReference; explicitFileType = wrapper.cfbundle; includeInIndex = 0; path = VideoPlayerDemo2UITests.xctest; sourceTree = BUILT_PRODUCTS_DIR; };
		CA24A87B22DED875008E5B27 /* VideoPlayerDemo2UITests.swift */ = {isa = PBXFileReference; lastKnownFileType = sourcecode.swift; path = VideoPlayerDemo2UITests.swift; sourceTree = "<group>"; };
		CA24A87D22DED875008E5B27 /* Info.plist */ = {isa = PBXFileReference; lastKnownFileType = text.plist.xml; path = Info.plist; sourceTree = "<group>"; };
		CA6CAE6D22E1AB1100D8094D /* NCMBGeoPoint.h */ = {isa = PBXFileReference; fileEncoding = 4; lastKnownFileType = sourcecode.c.h; path = NCMBGeoPoint.h; sourceTree = "<group>"; };
		CA6CAE6E22E1AB1100D8094D /* NCMBQuery.h */ = {isa = PBXFileReference; fileEncoding = 4; lastKnownFileType = sourcecode.c.h; path = NCMBQuery.h; sourceTree = "<group>"; };
		CA6CAE6F22E1AB1100D8094D /* NCMBAnalytics.m */ = {isa = PBXFileReference; fileEncoding = 4; lastKnownFileType = sourcecode.c.objc; path = NCMBAnalytics.m; sourceTree = "<group>"; };
		CA6CAE7022E1AB1100D8094D /* NCMBObject+Subclass.h */ = {isa = PBXFileReference; fileEncoding = 4; lastKnownFileType = sourcecode.c.h; path = "NCMBObject+Subclass.h"; sourceTree = "<group>"; };
		CA6CAE7122E1AB1100D8094D /* NCMBRelation.h */ = {isa = PBXFileReference; fileEncoding = 4; lastKnownFileType = sourcecode.c.h; path = NCMBRelation.h; sourceTree = "<group>"; };
		CA6CAE7222E1AB1100D8094D /* NCMBPush.h */ = {isa = PBXFileReference; fileEncoding = 4; lastKnownFileType = sourcecode.c.h; path = NCMBPush.h; sourceTree = "<group>"; };
		CA6CAE7322E1AB1100D8094D /* NCMBRole.m */ = {isa = PBXFileReference; fileEncoding = 4; lastKnownFileType = sourcecode.c.objc; path = NCMBRole.m; sourceTree = "<group>"; };
		CA6CAE7422E1AB1100D8094D /* NCMBObject.m */ = {isa = PBXFileReference; fileEncoding = 4; lastKnownFileType = sourcecode.c.objc; path = NCMBObject.m; sourceTree = "<group>"; };
		CA6CAE7522E1AB1100D8094D /* NCMB_umbrella.h */ = {isa = PBXFileReference; fileEncoding = 4; lastKnownFileType = sourcecode.c.h; path = NCMB_umbrella.h; sourceTree = "<group>"; };
		CA6CAE7622E1AB1100D8094D /* NCMBScript.h */ = {isa = PBXFileReference; fileEncoding = 4; lastKnownFileType = sourcecode.c.h; path = NCMBScript.h; sourceTree = "<group>"; };
		CA6CAE7722E1AB1100D8094D /* NCMBInstallation.h */ = {isa = PBXFileReference; fileEncoding = 4; lastKnownFileType = sourcecode.c.h; path = NCMBInstallation.h; sourceTree = "<group>"; };
		CA6CAE7822E1AB1100D8094D /* NCMBAnonymousUtils.h */ = {isa = PBXFileReference; fileEncoding = 4; lastKnownFileType = sourcecode.c.h; path = NCMBAnonymousUtils.h; sourceTree = "<group>"; };
		CA6CAE7922E1AB1100D8094D /* NCMBError.h */ = {isa = PBXFileReference; fileEncoding = 4; lastKnownFileType = sourcecode.c.h; path = NCMBError.h; sourceTree = "<group>"; };
		CA6CAE7A22E1AB1100D8094D /* NCMBDateFormat.m */ = {isa = PBXFileReference; fileEncoding = 4; lastKnownFileType = sourcecode.c.objc; path = NCMBDateFormat.m; sourceTree = "<group>"; };
		CA6CAE7B22E1AB1100D8094D /* NCMBFile.m */ = {isa = PBXFileReference; fileEncoding = 4; lastKnownFileType = sourcecode.c.objc; path = NCMBFile.m; sourceTree = "<group>"; };
		CA6CAE7D22E1AB1100D8094D /* NCMBURLSession.m */ = {isa = PBXFileReference; fileEncoding = 4; lastKnownFileType = sourcecode.c.objc; path = NCMBURLSession.m; sourceTree = "<group>"; };
		CA6CAE7E22E1AB1100D8094D /* NCMBURLSession.h */ = {isa = PBXFileReference; fileEncoding = 4; lastKnownFileType = sourcecode.c.h; path = NCMBURLSession.h; sourceTree = "<group>"; };
		CA6CAE8022E1AB1100D8094D /* NCMBRelation+Private.h */ = {isa = PBXFileReference; fileEncoding = 4; lastKnownFileType = sourcecode.c.h; path = "NCMBRelation+Private.h"; sourceTree = "<group>"; };
		CA6CAE8122E1AB1100D8094D /* NCMBQuery+Private.h */ = {isa = PBXFileReference; fileEncoding = 4; lastKnownFileType = sourcecode.c.h; path = "NCMBQuery+Private.h"; sourceTree = "<group>"; };
		CA6CAE8222E1AB1100D8094D /* NCMBObject+Private.h */ = {isa = PBXFileReference; fileEncoding = 4; lastKnownFileType = sourcecode.c.h; path = "NCMBObject+Private.h"; sourceTree = "<group>"; };
		CA6CAE8322E1AB1100D8094D /* NCMBUser+Private.h */ = {isa = PBXFileReference; fileEncoding = 4; lastKnownFileType = sourcecode.c.h; path = "NCMBUser+Private.h"; sourceTree = "<group>"; };
		CA6CAE8422E1AB1100D8094D /* NCMBACL.m */ = {isa = PBXFileReference; fileEncoding = 4; lastKnownFileType = sourcecode.c.objc; path = NCMBACL.m; sourceTree = "<group>"; };
		CA6CAE8522E1AB1100D8094D /* NCMBUser.h */ = {isa = PBXFileReference; fileEncoding = 4; lastKnownFileType = sourcecode.c.h; path = NCMBUser.h; sourceTree = "<group>"; };
		CA6CAE8722E1AB1100D8094D /* NCMBScriptService.h */ = {isa = PBXFileReference; fileEncoding = 4; lastKnownFileType = sourcecode.c.h; path = NCMBScriptService.h; sourceTree = "<group>"; };
		CA6CAE8822E1AB1100D8094D /* NCMBScriptService.m */ = {isa = PBXFileReference; fileEncoding = 4; lastKnownFileType = sourcecode.c.objc; path = NCMBScriptService.m; sourceTree = "<group>"; };
		CA6CAE8A22E1AB1100D8094D /* SubClassHandler.m */ = {isa = PBXFileReference; fileEncoding = 4; lastKnownFileType = sourcecode.c.objc; path = SubClassHandler.m; sourceTree = "<group>"; };
		CA6CAE8B22E1AB1100D8094D /* SubClassHandler.h */ = {isa = PBXFileReference; fileEncoding = 4; lastKnownFileType = sourcecode.c.h; path = SubClassHandler.h; sourceTree = "<group>"; };
		CA6CAE8C22E1AB1100D8094D /* NCMB.h */ = {isa = PBXFileReference; fileEncoding = 4; lastKnownFileType = sourcecode.c.h; path = NCMB.h; sourceTree = "<group>"; };
		CA6CAE8E22E1AB1100D8094D /* NCMBSetOperation.h */ = {isa = PBXFileReference; fileEncoding = 4; lastKnownFileType = sourcecode.c.h; path = NCMBSetOperation.h; sourceTree = "<group>"; };
		CA6CAE8F22E1AB1100D8094D /* NCMBDeleteOperation.m */ = {isa = PBXFileReference; fileEncoding = 4; lastKnownFileType = sourcecode.c.objc; path = NCMBDeleteOperation.m; sourceTree = "<group>"; };
		CA6CAE9022E1AB1100D8094D /* NCMBAddOperation.h */ = {isa = PBXFileReference; fileEncoding = 4; lastKnownFileType = sourcecode.c.h; path = NCMBAddOperation.h; sourceTree = "<group>"; };
		CA6CAE9122E1AB1100D8094D /* NCMBRelationOperation.h */ = {isa = PBXFileReference; fileEncoding = 4; lastKnownFileType = sourcecode.c.h; path = NCMBRelationOperation.h; sourceTree = "<group>"; };
		CA6CAE9222E1AB1100D8094D /* NCMBAddUniqueOperation.h */ = {isa = PBXFileReference; fileEncoding = 4; lastKnownFileType = sourcecode.c.h; path = NCMBAddUniqueOperation.h; sourceTree = "<group>"; };
		CA6CAE9322E1AB1100D8094D /* NCMBIncrementOperation.m */ = {isa = PBXFileReference; fileEncoding = 4; lastKnownFileType = sourcecode.c.objc; path = NCMBIncrementOperation.m; sourceTree = "<group>"; };
		CA6CAE9422E1AB1100D8094D /* NCMBRemoveOperation.h */ = {isa = PBXFileReference; fileEncoding = 4; lastKnownFileType = sourcecode.c.h; path = NCMBRemoveOperation.h; sourceTree = "<group>"; };
		CA6CAE9522E1AB1100D8094D /* NCMBDeleteOperation.h */ = {isa = PBXFileReference; fileEncoding = 4; lastKnownFileType = sourcecode.c.h; path = NCMBDeleteOperation.h; sourceTree = "<group>"; };
		CA6CAE9622E1AB1100D8094D /* NCMBSetOperation.m */ = {isa = PBXFileReference; fileEncoding = 4; lastKnownFileType = sourcecode.c.objc; path = NCMBSetOperation.m; sourceTree = "<group>"; };
		CA6CAE9722E1AB1100D8094D /* NCMBAddUniqueOperation.m */ = {isa = PBXFileReference; fileEncoding = 4; lastKnownFileType = sourcecode.c.objc; path = NCMBAddUniqueOperation.m; sourceTree = "<group>"; };
		CA6CAE9822E1AB1100D8094D /* NCMBRelationOperation.m */ = {isa = PBXFileReference; fileEncoding = 4; lastKnownFileType = sourcecode.c.objc; path = NCMBRelationOperation.m; sourceTree = "<group>"; };
		CA6CAE9922E1AB1100D8094D /* NCMBAddOperation.m */ = {isa = PBXFileReference; fileEncoding = 4; lastKnownFileType = sourcecode.c.objc; path = NCMBAddOperation.m; sourceTree = "<group>"; };
		CA6CAE9A22E1AB1100D8094D /* NCMBRemoveOperation.m */ = {isa = PBXFileReference; fileEncoding = 4; lastKnownFileType = sourcecode.c.objc; path = NCMBRemoveOperation.m; sourceTree = "<group>"; };
		CA6CAE9B22E1AB1100D8094D /* NCMBIncrementOperation.h */ = {isa = PBXFileReference; fileEncoding = 4; lastKnownFileType = sourcecode.c.h; path = NCMBIncrementOperation.h; sourceTree = "<group>"; };
		CA6CAE9D22E1AB1100D8094D /* NCMBCloseImageView.m */ = {isa = PBXFileReference; fileEncoding = 4; lastKnownFileType = sourcecode.c.objc; path = NCMBCloseImageView.m; sourceTree = "<group>"; };
		CA6CAE9E22E1AB1100D8094D /* NCMBRichPushView.h */ = {isa = PBXFileReference; fileEncoding = 4; lastKnownFileType = sourcecode.c.h; path = NCMBRichPushView.h; sourceTree = "<group>"; };
		CA6CAE9F22E1AB1100D8094D /* NCMBCloseImageView.h */ = {isa = PBXFileReference; fileEncoding = 4; lastKnownFileType = sourcecode.c.h; path = NCMBCloseImageView.h; sourceTree = "<group>"; };
		CA6CAEA022E1AB1100D8094D /* NCMBRichPushView.m */ = {isa = PBXFileReference; fileEncoding = 4; lastKnownFileType = sourcecode.c.objc; path = NCMBRichPushView.m; sourceTree = "<group>"; };
		CA6CAEA122E1AB1100D8094D /* NCMBRelation.m */ = {isa = PBXFileReference; fileEncoding = 4; lastKnownFileType = sourcecode.c.objc; path = NCMBRelation.m; sourceTree = "<group>"; };
		CA6CAEA322E1AB1100D8094D /* NCMBRequest.h */ = {isa = PBXFileReference; fileEncoding = 4; lastKnownFileType = sourcecode.c.h; path = NCMBRequest.h; sourceTree = "<group>"; };
		CA6CAEA422E1AB1100D8094D /* NCMBRequest.m */ = {isa = PBXFileReference; fileEncoding = 4; lastKnownFileType = sourcecode.c.objc; path = NCMBRequest.m; sourceTree = "<group>"; };
		CA6CAEA522E1AB1100D8094D /* NCMBConstants.h */ = {isa = PBXFileReference; fileEncoding = 4; lastKnownFileType = sourcecode.c.h; path = NCMBConstants.h; sourceTree = "<group>"; };
		CA6CAEA622E1AB1100D8094D /* NCMBAnalytics.h */ = {isa = PBXFileReference; fileEncoding = 4; lastKnownFileType = sourcecode.c.h; path = NCMBAnalytics.h; sourceTree = "<group>"; };
		CA6CAEA722E1AB1100D8094D /* NCMBQuery.m */ = {isa = PBXFileReference; fileEncoding = 4; lastKnownFileType = sourcecode.c.objc; path = NCMBQuery.m; sourceTree = "<group>"; };
		CA6CAEA822E1AB1100D8094D /* NCMBGeoPoint.m */ = {isa = PBXFileReference; fileEncoding = 4; lastKnownFileType = sourcecode.c.objc; path = NCMBGeoPoint.m; sourceTree = "<group>"; };
		CA6CAEA922E1AB1100D8094D /* NCMBFile.h */ = {isa = PBXFileReference; fileEncoding = 4; lastKnownFileType = sourcecode.c.h; path = NCMBFile.h; sourceTree = "<group>"; };
		CA6CAEAA22E1AB1100D8094D /* NCMBDateFormat.h */ = {isa = PBXFileReference; fileEncoding = 4; lastKnownFileType = sourcecode.c.h; path = NCMBDateFormat.h; sourceTree = "<group>"; };
		CA6CAEAB22E1AB1100D8094D /* NCMBError.m */ = {isa = PBXFileReference; fileEncoding = 4; lastKnownFileType = sourcecode.c.objc; path = NCMBError.m; sourceTree = "<group>"; };
		CA6CAEAC22E1AB1100D8094D /* NCMBInstallation.m */ = {isa = PBXFileReference; fileEncoding = 4; lastKnownFileType = sourcecode.c.objc; path = NCMBInstallation.m; sourceTree = "<group>"; };
		CA6CAEAD22E1AB1100D8094D /* NCMBAnonymousUtils.m */ = {isa = PBXFileReference; fileEncoding = 4; lastKnownFileType = sourcecode.c.objc; path = NCMBAnonymousUtils.m; sourceTree = "<group>"; };
		CA6CAEAE22E1AB1100D8094D /* NCMBScript.m */ = {isa = PBXFileReference; fileEncoding = 4; lastKnownFileType = sourcecode.c.objc; path = NCMBScript.m; sourceTree = "<group>"; };
		CA6CAEAF22E1AB1100D8094D /* NCMBPush.m */ = {isa = PBXFileReference; fileEncoding = 4; lastKnownFileType = sourcecode.c.objc; path = NCMBPush.m; sourceTree = "<group>"; };
		CA6CAEB022E1AB1100D8094D /* NCMBRole.h */ = {isa = PBXFileReference; fileEncoding = 4; lastKnownFileType = sourcecode.c.h; path = NCMBRole.h; sourceTree = "<group>"; };
		CA6CAEB122E1AB1100D8094D /* NCMBObject.h */ = {isa = PBXFileReference; fileEncoding = 4; lastKnownFileType = sourcecode.c.h; path = NCMBObject.h; sourceTree = "<group>"; };
		CA6CAEB322E1AB1100D8094D /* NSDataBase64Encode.m */ = {isa = PBXFileReference; fileEncoding = 4; lastKnownFileType = sourcecode.c.objc; path = NSDataBase64Encode.m; sourceTree = "<group>"; };
		CA6CAEB422E1AB1100D8094D /* NSDataBase64Encode.h */ = {isa = PBXFileReference; fileEncoding = 4; lastKnownFileType = sourcecode.c.h; path = NSDataBase64Encode.h; sourceTree = "<group>"; };
		CA6CAEB522E1AB1100D8094D /* NCMBUser.m */ = {isa = PBXFileReference; fileEncoding = 4; lastKnownFileType = sourcecode.c.objc; path = NCMBUser.m; sourceTree = "<group>"; };
		CA6CAEB622E1AB1100D8094D /* NCMBACL.h */ = {isa = PBXFileReference; fileEncoding = 4; lastKnownFileType = sourcecode.c.h; path = NCMBACL.h; sourceTree = "<group>"; };
		CA6CAEB722E1AB1100D8094D /* NCMB.m */ = {isa = PBXFileReference; fileEncoding = 4; lastKnownFileType = sourcecode.c.objc; path = NCMB.m; sourceTree = "<group>"; };
		CA6CAEB922E1AB1100D8094D /* NCMBReachability.m */ = {isa = PBXFileReference; fileEncoding = 4; lastKnownFileType = sourcecode.c.objc; path = NCMBReachability.m; sourceTree = "<group>"; };
		CA6CAEBA22E1AB1100D8094D /* NCMBReachability.h */ = {isa = PBXFileReference; fileEncoding = 4; lastKnownFileType = sourcecode.c.h; path = NCMBReachability.h; sourceTree = "<group>"; };
		CA6CAEBB22E1AB1100D8094D /* NCMB_Info.plist */ = {isa = PBXFileReference; fileEncoding = 4; lastKnownFileType = text.plist.xml; path = NCMB_Info.plist; sourceTree = "<group>"; };
		CA6CAEBC22E1AB1100D8094D /* NCMBSubclassing.h */ = {isa = PBXFileReference; fileEncoding = 4; lastKnownFileType = sourcecode.c.h; path = NCMBSubclassing.h; sourceTree = "<group>"; };
		CA6CAEDD22E1B21600D8094D /* VideoPlayerDemo2-Bridging-Header.h */ = {isa = PBXFileReference; lastKnownFileType = sourcecode.c.h; path = "VideoPlayerDemo2-Bridging-Header.h"; sourceTree = "<group>"; };
		CA7387E222DF262400EE601F /* SafariViewController.swift */ = {isa = PBXFileReference; lastKnownFileType = sourcecode.swift; path = SafariViewController.swift; sourceTree = "<group>"; };
		CA842F2D22DEF9A000C2EAD6 /* VideoViewController2.swift */ = {isa = PBXFileReference; lastKnownFileType = sourcecode.swift; path = VideoViewController2.swift; sourceTree = "<group>"; };
		CA842F2F22DF030800C2EAD6 /* VideoViewController3.swift */ = {isa = PBXFileReference; lastKnownFileType = sourcecode.swift; path = VideoViewController3.swift; sourceTree = "<group>"; };
		DAC180900C0ADDE64B4EB4D2 /* Pods_VideoPlayerDemo2Tests.framework */ = {isa = PBXFileReference; explicitFileType = wrapper.framework; includeInIndex = 0; path = Pods_VideoPlayerDemo2Tests.framework; sourceTree = BUILT_PRODUCTS_DIR; };
		F7F0E1D334B42DB6B6BE9A89 /* Pods-VideoPlayerDemo2UITests.debug.xcconfig */ = {isa = PBXFileReference; includeInIndex = 1; lastKnownFileType = text.xcconfig; name = "Pods-VideoPlayerDemo2UITests.debug.xcconfig"; path = "Target Support Files/Pods-VideoPlayerDemo2UITests/Pods-VideoPlayerDemo2UITests.debug.xcconfig"; sourceTree = "<group>"; };
		FCD328763E91C47F6E53C2FE /* Pods-VideoPlayerDemo2Tests.debug.xcconfig */ = {isa = PBXFileReference; includeInIndex = 1; lastKnownFileType = text.xcconfig; name = "Pods-VideoPlayerDemo2Tests.debug.xcconfig"; path = "Target Support Files/Pods-VideoPlayerDemo2Tests/Pods-VideoPlayerDemo2Tests.debug.xcconfig"; sourceTree = "<group>"; };
/* End PBXFileReference section */

/* Begin PBXFrameworksBuildPhase section */
		CA24A85522DED874008E5B27 /* Frameworks */ = {
			isa = PBXFrameworksBuildPhase;
			buildActionMask = 2147483647;
			files = (
				71EA5766B9E21A7C537CFD5B /* Pods_VideoPlayerDemo2.framework in Frameworks */,
			);
			runOnlyForDeploymentPostprocessing = 0;
		};
		CA24A86922DED875008E5B27 /* Frameworks */ = {
			isa = PBXFrameworksBuildPhase;
			buildActionMask = 2147483647;
			files = (
				D14B00294FC1AC5D3D147749 /* Pods_VideoPlayerDemo2Tests.framework in Frameworks */,
			);
			runOnlyForDeploymentPostprocessing = 0;
		};
		CA24A87422DED875008E5B27 /* Frameworks */ = {
			isa = PBXFrameworksBuildPhase;
			buildActionMask = 2147483647;
			files = (
				2FAA5C76CFFEBABAABEC9B22 /* Pods_VideoPlayerDemo2UITests.framework in Frameworks */,
			);
			runOnlyForDeploymentPostprocessing = 0;
		};
/* End PBXFrameworksBuildPhase section */

/* Begin PBXGroup section */
		4966D97869BFDBCEF4C5F4B3 /* Pods */ = {
			isa = PBXGroup;
			children = (
				5B975A14E1190491AC33BA16 /* Pods-VideoPlayerDemo2.debug.xcconfig */,
				6499483C3918259046BB2855 /* Pods-VideoPlayerDemo2.release.xcconfig */,
				FCD328763E91C47F6E53C2FE /* Pods-VideoPlayerDemo2Tests.debug.xcconfig */,
				9F53EB56A61D4147E5B700A2 /* Pods-VideoPlayerDemo2Tests.release.xcconfig */,
				F7F0E1D334B42DB6B6BE9A89 /* Pods-VideoPlayerDemo2UITests.debug.xcconfig */,
				2529854D578E0EDB6790EF62 /* Pods-VideoPlayerDemo2UITests.release.xcconfig */,
			);
			path = Pods;
			sourceTree = "<group>";
		};
		89F2658A51030A993D751B15 /* Frameworks */ = {
			isa = PBXGroup;
			children = (
				3C644ECA43F47B58BB0198DD /* Pods_VideoPlayerDemo2.framework */,
				DAC180900C0ADDE64B4EB4D2 /* Pods_VideoPlayerDemo2Tests.framework */,
				587B685D7F148DC7ACD79E87 /* Pods_VideoPlayerDemo2UITests.framework */,
			);
			name = Frameworks;
			sourceTree = "<group>";
		};
		CA24A84F22DED874008E5B27 = {
			isa = PBXGroup;
			children = (
				CA24A85A22DED874008E5B27 /* VideoPlayerDemo2 */,
				CA24A86F22DED875008E5B27 /* VideoPlayerDemo2Tests */,
				CA24A87A22DED875008E5B27 /* VideoPlayerDemo2UITests */,
				CA24A85922DED874008E5B27 /* Products */,
				4966D97869BFDBCEF4C5F4B3 /* Pods */,
				89F2658A51030A993D751B15 /* Frameworks */,
			);
			sourceTree = "<group>";
		};
		CA24A85922DED874008E5B27 /* Products */ = {
			isa = PBXGroup;
			children = (
				CA24A85822DED874008E5B27 /* VideoPlayerDemo2.app */,
				CA24A86C22DED875008E5B27 /* VideoPlayerDemo2Tests.xctest */,
				CA24A87722DED875008E5B27 /* VideoPlayerDemo2UITests.xctest */,
			);
			name = Products;
			sourceTree = "<group>";
		};
		CA24A85A22DED874008E5B27 /* VideoPlayerDemo2 */ = {
			isa = PBXGroup;
			children = (
				CA6CAE6C22E1AB1100D8094D /* NCMB */,
				CA24A85B22DED874008E5B27 /* AppDelegate.swift */,
				CA24A85D22DED874008E5B27 /* ViewController.swift */,
				CA842F2D22DEF9A000C2EAD6 /* VideoViewController2.swift */,
				CA842F2F22DF030800C2EAD6 /* VideoViewController3.swift */,
				CA24A85F22DED874008E5B27 /* Main.storyboard */,
				CA7387E222DF262400EE601F /* SafariViewController.swift */,
				CA24A86222DED875008E5B27 /* Assets.xcassets */,
				CA24A86422DED875008E5B27 /* LaunchScreen.storyboard */,
				CA24A86722DED875008E5B27 /* Info.plist */,
				CA6CAEDD22E1B21600D8094D /* VideoPlayerDemo2-Bridging-Header.h */,
			);
			path = VideoPlayerDemo2;
			sourceTree = "<group>";
		};
		CA24A86F22DED875008E5B27 /* VideoPlayerDemo2Tests */ = {
			isa = PBXGroup;
			children = (
				CA24A87022DED875008E5B27 /* VideoPlayerDemo2Tests.swift */,
				CA24A87222DED875008E5B27 /* Info.plist */,
			);
			path = VideoPlayerDemo2Tests;
			sourceTree = "<group>";
		};
		CA24A87A22DED875008E5B27 /* VideoPlayerDemo2UITests */ = {
			isa = PBXGroup;
			children = (
				CA24A87B22DED875008E5B27 /* VideoPlayerDemo2UITests.swift */,
				CA24A87D22DED875008E5B27 /* Info.plist */,
			);
			path = VideoPlayerDemo2UITests;
			sourceTree = "<group>";
		};
		CA6CAE6C22E1AB1100D8094D /* NCMB */ = {
			isa = PBXGroup;
			children = (
				CA6CAE6D22E1AB1100D8094D /* NCMBGeoPoint.h */,
				CA6CAE6E22E1AB1100D8094D /* NCMBQuery.h */,
				CA6CAE6F22E1AB1100D8094D /* NCMBAnalytics.m */,
				CA6CAE7022E1AB1100D8094D /* NCMBObject+Subclass.h */,
				CA6CAE7122E1AB1100D8094D /* NCMBRelation.h */,
				CA6CAE7222E1AB1100D8094D /* NCMBPush.h */,
				CA6CAE7322E1AB1100D8094D /* NCMBRole.m */,
				CA6CAE7422E1AB1100D8094D /* NCMBObject.m */,
				CA6CAE7522E1AB1100D8094D /* NCMB_umbrella.h */,
				CA6CAE7622E1AB1100D8094D /* NCMBScript.h */,
				CA6CAE7722E1AB1100D8094D /* NCMBInstallation.h */,
				CA6CAE7822E1AB1100D8094D /* NCMBAnonymousUtils.h */,
				CA6CAE7922E1AB1100D8094D /* NCMBError.h */,
				CA6CAE7A22E1AB1100D8094D /* NCMBDateFormat.m */,
				CA6CAE7B22E1AB1100D8094D /* NCMBFile.m */,
				CA6CAE7C22E1AB1100D8094D /* NCMBURLSession */,
				CA6CAE7F22E1AB1100D8094D /* PrivateHeaders */,
				CA6CAE8422E1AB1100D8094D /* NCMBACL.m */,
				CA6CAE8522E1AB1100D8094D /* NCMBUser.h */,
				CA6CAE8622E1AB1100D8094D /* NCMBScriptService */,
				CA6CAE8922E1AB1100D8094D /* SubClassHandler */,
				CA6CAE8C22E1AB1100D8094D /* NCMB.h */,
				CA6CAE8D22E1AB1100D8094D /* Operations */,
				CA6CAE9C22E1AB1100D8094D /* NCMBRichPush */,
				CA6CAEA122E1AB1100D8094D /* NCMBRelation.m */,
				CA6CAEA222E1AB1100D8094D /* NCMBRequest */,
				CA6CAEA522E1AB1100D8094D /* NCMBConstants.h */,
				CA6CAEA622E1AB1100D8094D /* NCMBAnalytics.h */,
				CA6CAEA722E1AB1100D8094D /* NCMBQuery.m */,
				CA6CAEA822E1AB1100D8094D /* NCMBGeoPoint.m */,
				CA6CAEA922E1AB1100D8094D /* NCMBFile.h */,
				CA6CAEAA22E1AB1100D8094D /* NCMBDateFormat.h */,
				CA6CAEAB22E1AB1100D8094D /* NCMBError.m */,
				CA6CAEAC22E1AB1100D8094D /* NCMBInstallation.m */,
				CA6CAEAD22E1AB1100D8094D /* NCMBAnonymousUtils.m */,
				CA6CAEAE22E1AB1100D8094D /* NCMBScript.m */,
				CA6CAEAF22E1AB1100D8094D /* NCMBPush.m */,
				CA6CAEB022E1AB1100D8094D /* NCMBRole.h */,
				CA6CAEB122E1AB1100D8094D /* NCMBObject.h */,
				CA6CAEB222E1AB1100D8094D /* NSDataBase64Encode */,
				CA6CAEB522E1AB1100D8094D /* NCMBUser.m */,
				CA6CAEB622E1AB1100D8094D /* NCMBACL.h */,
				CA6CAEB722E1AB1100D8094D /* NCMB.m */,
				CA6CAEB822E1AB1100D8094D /* NCMBReachability */,
				CA6CAEBB22E1AB1100D8094D /* NCMB_Info.plist */,
				CA6CAEBC22E1AB1100D8094D /* NCMBSubclassing.h */,
			);
			path = NCMB;
			sourceTree = "<group>";
		};
		CA6CAE7C22E1AB1100D8094D /* NCMBURLSession */ = {
			isa = PBXGroup;
			children = (
				CA6CAE7D22E1AB1100D8094D /* NCMBURLSession.m */,
				CA6CAE7E22E1AB1100D8094D /* NCMBURLSession.h */,
			);
			path = NCMBURLSession;
			sourceTree = "<group>";
		};
		CA6CAE7F22E1AB1100D8094D /* PrivateHeaders */ = {
			isa = PBXGroup;
			children = (
				CA6CAE8022E1AB1100D8094D /* NCMBRelation+Private.h */,
				CA6CAE8122E1AB1100D8094D /* NCMBQuery+Private.h */,
				CA6CAE8222E1AB1100D8094D /* NCMBObject+Private.h */,
				CA6CAE8322E1AB1100D8094D /* NCMBUser+Private.h */,
			);
			path = PrivateHeaders;
			sourceTree = "<group>";
		};
		CA6CAE8622E1AB1100D8094D /* NCMBScriptService */ = {
			isa = PBXGroup;
			children = (
				CA6CAE8722E1AB1100D8094D /* NCMBScriptService.h */,
				CA6CAE8822E1AB1100D8094D /* NCMBScriptService.m */,
			);
			path = NCMBScriptService;
			sourceTree = "<group>";
		};
		CA6CAE8922E1AB1100D8094D /* SubClassHandler */ = {
			isa = PBXGroup;
			children = (
				CA6CAE8A22E1AB1100D8094D /* SubClassHandler.m */,
				CA6CAE8B22E1AB1100D8094D /* SubClassHandler.h */,
			);
			path = SubClassHandler;
			sourceTree = "<group>";
		};
		CA6CAE8D22E1AB1100D8094D /* Operations */ = {
			isa = PBXGroup;
			children = (
				CA6CAE8E22E1AB1100D8094D /* NCMBSetOperation.h */,
				CA6CAE8F22E1AB1100D8094D /* NCMBDeleteOperation.m */,
				CA6CAE9022E1AB1100D8094D /* NCMBAddOperation.h */,
				CA6CAE9122E1AB1100D8094D /* NCMBRelationOperation.h */,
				CA6CAE9222E1AB1100D8094D /* NCMBAddUniqueOperation.h */,
				CA6CAE9322E1AB1100D8094D /* NCMBIncrementOperation.m */,
				CA6CAE9422E1AB1100D8094D /* NCMBRemoveOperation.h */,
				CA6CAE9522E1AB1100D8094D /* NCMBDeleteOperation.h */,
				CA6CAE9622E1AB1100D8094D /* NCMBSetOperation.m */,
				CA6CAE9722E1AB1100D8094D /* NCMBAddUniqueOperation.m */,
				CA6CAE9822E1AB1100D8094D /* NCMBRelationOperation.m */,
				CA6CAE9922E1AB1100D8094D /* NCMBAddOperation.m */,
				CA6CAE9A22E1AB1100D8094D /* NCMBRemoveOperation.m */,
				CA6CAE9B22E1AB1100D8094D /* NCMBIncrementOperation.h */,
			);
			path = Operations;
			sourceTree = "<group>";
		};
		CA6CAE9C22E1AB1100D8094D /* NCMBRichPush */ = {
			isa = PBXGroup;
			children = (
				CA6CAE9D22E1AB1100D8094D /* NCMBCloseImageView.m */,
				CA6CAE9E22E1AB1100D8094D /* NCMBRichPushView.h */,
				CA6CAE9F22E1AB1100D8094D /* NCMBCloseImageView.h */,
				CA6CAEA022E1AB1100D8094D /* NCMBRichPushView.m */,
			);
			path = NCMBRichPush;
			sourceTree = "<group>";
		};
		CA6CAEA222E1AB1100D8094D /* NCMBRequest */ = {
			isa = PBXGroup;
			children = (
				CA6CAEA322E1AB1100D8094D /* NCMBRequest.h */,
				CA6CAEA422E1AB1100D8094D /* NCMBRequest.m */,
			);
			path = NCMBRequest;
			sourceTree = "<group>";
		};
		CA6CAEB222E1AB1100D8094D /* NSDataBase64Encode */ = {
			isa = PBXGroup;
			children = (
				CA6CAEB322E1AB1100D8094D /* NSDataBase64Encode.m */,
				CA6CAEB422E1AB1100D8094D /* NSDataBase64Encode.h */,
			);
			path = NSDataBase64Encode;
			sourceTree = "<group>";
		};
		CA6CAEB822E1AB1100D8094D /* NCMBReachability */ = {
			isa = PBXGroup;
			children = (
				CA6CAEB922E1AB1100D8094D /* NCMBReachability.m */,
				CA6CAEBA22E1AB1100D8094D /* NCMBReachability.h */,
			);
			path = NCMBReachability;
			sourceTree = "<group>";
		};
/* End PBXGroup section */

/* Begin PBXNativeTarget section */
		CA24A85722DED874008E5B27 /* VideoPlayerDemo2 */ = {
			isa = PBXNativeTarget;
			buildConfigurationList = CA24A88022DED875008E5B27 /* Build configuration list for PBXNativeTarget "VideoPlayerDemo2" */;
			buildPhases = (
				6A84B3E8A9409640D1BA305A /* [CP] Check Pods Manifest.lock */,
				CA24A85422DED874008E5B27 /* Sources */,
				CA24A85522DED874008E5B27 /* Frameworks */,
				CA24A85622DED874008E5B27 /* Resources */,
				EA75C92D569185E77D51C442 /* [CP] Embed Pods Frameworks */,
			);
			buildRules = (
			);
			dependencies = (
			);
			name = VideoPlayerDemo2;
			productName = VideoPlayerDemo2;
			productReference = CA24A85822DED874008E5B27 /* VideoPlayerDemo2.app */;
			productType = "com.apple.product-type.application";
		};
		CA24A86B22DED875008E5B27 /* VideoPlayerDemo2Tests */ = {
			isa = PBXNativeTarget;
			buildConfigurationList = CA24A88322DED875008E5B27 /* Build configuration list for PBXNativeTarget "VideoPlayerDemo2Tests" */;
			buildPhases = (
				D985B4CD737F6A78B0F051EE /* [CP] Check Pods Manifest.lock */,
				CA24A86822DED875008E5B27 /* Sources */,
				CA24A86922DED875008E5B27 /* Frameworks */,
				CA24A86A22DED875008E5B27 /* Resources */,
			);
			buildRules = (
			);
			dependencies = (
				CA24A86E22DED875008E5B27 /* PBXTargetDependency */,
			);
			name = VideoPlayerDemo2Tests;
			productName = VideoPlayerDemo2Tests;
			productReference = CA24A86C22DED875008E5B27 /* VideoPlayerDemo2Tests.xctest */;
			productType = "com.apple.product-type.bundle.unit-test";
		};
		CA24A87622DED875008E5B27 /* VideoPlayerDemo2UITests */ = {
			isa = PBXNativeTarget;
			buildConfigurationList = CA24A88622DED875008E5B27 /* Build configuration list for PBXNativeTarget "VideoPlayerDemo2UITests" */;
			buildPhases = (
				4E6274B3B21B01E7F9774DFA /* [CP] Check Pods Manifest.lock */,
				CA24A87322DED875008E5B27 /* Sources */,
				CA24A87422DED875008E5B27 /* Frameworks */,
				CA24A87522DED875008E5B27 /* Resources */,
			);
			buildRules = (
			);
			dependencies = (
				CA24A87922DED875008E5B27 /* PBXTargetDependency */,
			);
			name = VideoPlayerDemo2UITests;
			productName = VideoPlayerDemo2UITests;
			productReference = CA24A87722DED875008E5B27 /* VideoPlayerDemo2UITests.xctest */;
			productType = "com.apple.product-type.bundle.ui-testing";
		};
/* End PBXNativeTarget section */

/* Begin PBXProject section */
		CA24A85022DED874008E5B27 /* Project object */ = {
			isa = PBXProject;
			attributes = {
				LastSwiftUpdateCheck = 1020;
				LastUpgradeCheck = 1020;
				ORGANIZATIONNAME = takuya.tominaga;
				TargetAttributes = {
					CA24A85722DED874008E5B27 = {
						CreatedOnToolsVersion = 10.2.1;
					};
					CA24A86B22DED875008E5B27 = {
						CreatedOnToolsVersion = 10.2.1;
						TestTargetID = CA24A85722DED874008E5B27;
					};
					CA24A87622DED875008E5B27 = {
						CreatedOnToolsVersion = 10.2.1;
						TestTargetID = CA24A85722DED874008E5B27;
					};
				};
			};
			buildConfigurationList = CA24A85322DED874008E5B27 /* Build configuration list for PBXProject "VideoPlayerDemo2" */;
			compatibilityVersion = "Xcode 9.3";
			developmentRegion = en;
			hasScannedForEncodings = 0;
			knownRegions = (
				en,
				Base,
			);
			mainGroup = CA24A84F22DED874008E5B27;
			productRefGroup = CA24A85922DED874008E5B27 /* Products */;
			projectDirPath = "";
			projectRoot = "";
			targets = (
				CA24A85722DED874008E5B27 /* VideoPlayerDemo2 */,
				CA24A86B22DED875008E5B27 /* VideoPlayerDemo2Tests */,
				CA24A87622DED875008E5B27 /* VideoPlayerDemo2UITests */,
			);
		};
/* End PBXProject section */

/* Begin PBXResourcesBuildPhase section */
		CA24A85622DED874008E5B27 /* Resources */ = {
			isa = PBXResourcesBuildPhase;
			buildActionMask = 2147483647;
			files = (
				CA6CAEDC22E1AB1100D8094D /* NCMB_Info.plist in Resources */,
				CA24A86622DED875008E5B27 /* LaunchScreen.storyboard in Resources */,
				CA24A86322DED875008E5B27 /* Assets.xcassets in Resources */,
				CA24A86122DED874008E5B27 /* Main.storyboard in Resources */,
			);
			runOnlyForDeploymentPostprocessing = 0;
		};
		CA24A86A22DED875008E5B27 /* Resources */ = {
			isa = PBXResourcesBuildPhase;
			buildActionMask = 2147483647;
			files = (
			);
			runOnlyForDeploymentPostprocessing = 0;
		};
		CA24A87522DED875008E5B27 /* Resources */ = {
			isa = PBXResourcesBuildPhase;
			buildActionMask = 2147483647;
			files = (
			);
			runOnlyForDeploymentPostprocessing = 0;
		};
/* End PBXResourcesBuildPhase section */

/* Begin PBXShellScriptBuildPhase section */
		4E6274B3B21B01E7F9774DFA /* [CP] Check Pods Manifest.lock */ = {
			isa = PBXShellScriptBuildPhase;
			buildActionMask = 2147483647;
			files = (
			);
			inputFileListPaths = (
			);
			inputPaths = (
				"${PODS_PODFILE_DIR_PATH}/Podfile.lock",
				"${PODS_ROOT}/Manifest.lock",
			);
			name = "[CP] Check Pods Manifest.lock";
			outputFileListPaths = (
			);
			outputPaths = (
				"$(DERIVED_FILE_DIR)/Pods-VideoPlayerDemo2UITests-checkManifestLockResult.txt",
			);
			runOnlyForDeploymentPostprocessing = 0;
			shellPath = /bin/sh;
			shellScript = "diff \"${PODS_PODFILE_DIR_PATH}/Podfile.lock\" \"${PODS_ROOT}/Manifest.lock\" > /dev/null\nif [ $? != 0 ] ; then\n    # print error to STDERR\n    echo \"error: The sandbox is not in sync with the Podfile.lock. Run 'pod install' or update your CocoaPods installation.\" >&2\n    exit 1\nfi\n# This output is used by Xcode 'outputs' to avoid re-running this script phase.\necho \"SUCCESS\" > \"${SCRIPT_OUTPUT_FILE_0}\"\n";
			showEnvVarsInLog = 0;
		};
		6A84B3E8A9409640D1BA305A /* [CP] Check Pods Manifest.lock */ = {
			isa = PBXShellScriptBuildPhase;
			buildActionMask = 2147483647;
			files = (
			);
			inputFileListPaths = (
			);
			inputPaths = (
				"${PODS_PODFILE_DIR_PATH}/Podfile.lock",
				"${PODS_ROOT}/Manifest.lock",
			);
			name = "[CP] Check Pods Manifest.lock";
			outputFileListPaths = (
			);
			outputPaths = (
				"$(DERIVED_FILE_DIR)/Pods-VideoPlayerDemo2-checkManifestLockResult.txt",
			);
			runOnlyForDeploymentPostprocessing = 0;
			shellPath = /bin/sh;
			shellScript = "diff \"${PODS_PODFILE_DIR_PATH}/Podfile.lock\" \"${PODS_ROOT}/Manifest.lock\" > /dev/null\nif [ $? != 0 ] ; then\n    # print error to STDERR\n    echo \"error: The sandbox is not in sync with the Podfile.lock. Run 'pod install' or update your CocoaPods installation.\" >&2\n    exit 1\nfi\n# This output is used by Xcode 'outputs' to avoid re-running this script phase.\necho \"SUCCESS\" > \"${SCRIPT_OUTPUT_FILE_0}\"\n";
			showEnvVarsInLog = 0;
		};
		D985B4CD737F6A78B0F051EE /* [CP] Check Pods Manifest.lock */ = {
			isa = PBXShellScriptBuildPhase;
			buildActionMask = 2147483647;
			files = (
			);
			inputFileListPaths = (
			);
			inputPaths = (
				"${PODS_PODFILE_DIR_PATH}/Podfile.lock",
				"${PODS_ROOT}/Manifest.lock",
			);
			name = "[CP] Check Pods Manifest.lock";
			outputFileListPaths = (
			);
			outputPaths = (
				"$(DERIVED_FILE_DIR)/Pods-VideoPlayerDemo2Tests-checkManifestLockResult.txt",
			);
			runOnlyForDeploymentPostprocessing = 0;
			shellPath = /bin/sh;
			shellScript = "diff \"${PODS_PODFILE_DIR_PATH}/Podfile.lock\" \"${PODS_ROOT}/Manifest.lock\" > /dev/null\nif [ $? != 0 ] ; then\n    # print error to STDERR\n    echo \"error: The sandbox is not in sync with the Podfile.lock. Run 'pod install' or update your CocoaPods installation.\" >&2\n    exit 1\nfi\n# This output is used by Xcode 'outputs' to avoid re-running this script phase.\necho \"SUCCESS\" > \"${SCRIPT_OUTPUT_FILE_0}\"\n";
			showEnvVarsInLog = 0;
		};
		EA75C92D569185E77D51C442 /* [CP] Embed Pods Frameworks */ = {
			isa = PBXShellScriptBuildPhase;
			buildActionMask = 2147483647;
			files = (
			);
			inputFileListPaths = (
				"${PODS_ROOT}/Target Support Files/Pods-VideoPlayerDemo2/Pods-VideoPlayerDemo2-frameworks-${CONFIGURATION}-input-files.xcfilelist",
			);
			name = "[CP] Embed Pods Frameworks";
			outputFileListPaths = (
				"${PODS_ROOT}/Target Support Files/Pods-VideoPlayerDemo2/Pods-VideoPlayerDemo2-frameworks-${CONFIGURATION}-output-files.xcfilelist",
			);
			runOnlyForDeploymentPostprocessing = 0;
			shellPath = /bin/sh;
			shellScript = "\"${PODS_ROOT}/Target Support Files/Pods-VideoPlayerDemo2/Pods-VideoPlayerDemo2-frameworks.sh\"\n";
			showEnvVarsInLog = 0;
		};
/* End PBXShellScriptBuildPhase section */

/* Begin PBXSourcesBuildPhase section */
		CA24A85422DED874008E5B27 /* Sources */ = {
			isa = PBXSourcesBuildPhase;
			buildActionMask = 2147483647;
			files = (
				CA6CAED922E1AB1100D8094D /* NCMBUser.m in Sources */,
				CA6CAEC422E1AB1100D8094D /* NCMBScriptService.m in Sources */,
				CA6CAEC822E1AB1100D8094D /* NCMBSetOperation.m in Sources */,
				CA6CAED422E1AB1100D8094D /* NCMBInstallation.m in Sources */,
				CA24A85E22DED874008E5B27 /* ViewController.swift in Sources */,
				CA6CAEDA22E1AB1100D8094D /* NCMB.m in Sources */,
				CA24A85C22DED874008E5B27 /* AppDelegate.swift in Sources */,
				CA6CAED722E1AB1100D8094D /* NCMBPush.m in Sources */,
				CA6CAEC222E1AB1100D8094D /* NCMBURLSession.m in Sources */,
				CA6CAECA22E1AB1100D8094D /* NCMBRelationOperation.m in Sources */,
				CA6CAED022E1AB1100D8094D /* NCMBRequest.m in Sources */,
				CA6CAEBE22E1AB1100D8094D /* NCMBRole.m in Sources */,
				CA6CAED322E1AB1100D8094D /* NCMBError.m in Sources */,
				CA7387E322DF262400EE601F /* SafariViewController.swift in Sources */,
				CA842F3022DF030800C2EAD6 /* VideoViewController3.swift in Sources */,
				CA6CAED822E1AB1100D8094D /* NSDataBase64Encode.m in Sources */,
				CA6CAEBD22E1AB1100D8094D /* NCMBAnalytics.m in Sources */,
				CA6CAED622E1AB1100D8094D /* NCMBScript.m in Sources */,
				CA6CAEC022E1AB1100D8094D /* NCMBDateFormat.m in Sources */,
				CA6CAECB22E1AB1100D8094D /* NCMBAddOperation.m in Sources */,
				CA6CAEC722E1AB1100D8094D /* NCMBIncrementOperation.m in Sources */,
				CA6CAEC322E1AB1100D8094D /* NCMBACL.m in Sources */,
				CA6CAECE22E1AB1100D8094D /* NCMBRichPushView.m in Sources */,
				CA6CAECF22E1AB1100D8094D /* NCMBRelation.m in Sources */,
				CA6CAEC622E1AB1100D8094D /* NCMBDeleteOperation.m in Sources */,
				CA6CAEC122E1AB1100D8094D /* NCMBFile.m in Sources */,
				CA6CAEDB22E1AB1100D8094D /* NCMBReachability.m in Sources */,
				CA6CAEC922E1AB1100D8094D /* NCMBAddUniqueOperation.m in Sources */,
				CA6CAEBF22E1AB1100D8094D /* NCMBObject.m in Sources */,
				CA6CAECC22E1AB1100D8094D /* NCMBRemoveOperation.m in Sources */,
				CA6CAED122E1AB1100D8094D /* NCMBQuery.m in Sources */,
				CA6CAECD22E1AB1100D8094D /* NCMBCloseImageView.m in Sources */,
				CA6CAEC522E1AB1100D8094D /* SubClassHandler.m in Sources */,
				CA6CAED522E1AB1100D8094D /* NCMBAnonymousUtils.m in Sources */,
				CA6CAED222E1AB1100D8094D /* NCMBGeoPoint.m in Sources */,
				CA842F2E22DEF9A000C2EAD6 /* VideoViewController2.swift in Sources */,
			);
			runOnlyForDeploymentPostprocessing = 0;
		};
		CA24A86822DED875008E5B27 /* Sources */ = {
			isa = PBXSourcesBuildPhase;
			buildActionMask = 2147483647;
			files = (
				CA24A87122DED875008E5B27 /* VideoPlayerDemo2Tests.swift in Sources */,
			);
			runOnlyForDeploymentPostprocessing = 0;
		};
		CA24A87322DED875008E5B27 /* Sources */ = {
			isa = PBXSourcesBuildPhase;
			buildActionMask = 2147483647;
			files = (
				CA24A87C22DED875008E5B27 /* VideoPlayerDemo2UITests.swift in Sources */,
			);
			runOnlyForDeploymentPostprocessing = 0;
		};
/* End PBXSourcesBuildPhase section */

/* Begin PBXTargetDependency section */
		CA24A86E22DED875008E5B27 /* PBXTargetDependency */ = {
			isa = PBXTargetDependency;
			target = CA24A85722DED874008E5B27 /* VideoPlayerDemo2 */;
			targetProxy = CA24A86D22DED875008E5B27 /* PBXContainerItemProxy */;
		};
		CA24A87922DED875008E5B27 /* PBXTargetDependency */ = {
			isa = PBXTargetDependency;
			target = CA24A85722DED874008E5B27 /* VideoPlayerDemo2 */;
			targetProxy = CA24A87822DED875008E5B27 /* PBXContainerItemProxy */;
		};
/* End PBXTargetDependency section */

/* Begin PBXVariantGroup section */
		CA24A85F22DED874008E5B27 /* Main.storyboard */ = {
			isa = PBXVariantGroup;
			children = (
				CA24A86022DED874008E5B27 /* Base */,
			);
			name = Main.storyboard;
			sourceTree = "<group>";
		};
		CA24A86422DED875008E5B27 /* LaunchScreen.storyboard */ = {
			isa = PBXVariantGroup;
			children = (
				CA24A86522DED875008E5B27 /* Base */,
			);
			name = LaunchScreen.storyboard;
			sourceTree = "<group>";
		};
/* End PBXVariantGroup section */

/* Begin XCBuildConfiguration section */
		CA24A87E22DED875008E5B27 /* Debug */ = {
			isa = XCBuildConfiguration;
			buildSettings = {
				ALWAYS_SEARCH_USER_PATHS = NO;
				CLANG_ANALYZER_NONNULL = YES;
				CLANG_ANALYZER_NUMBER_OBJECT_CONVERSION = YES_AGGRESSIVE;
				CLANG_CXX_LANGUAGE_STANDARD = "gnu++14";
				CLANG_CXX_LIBRARY = "libc++";
				CLANG_ENABLE_MODULES = YES;
				CLANG_ENABLE_OBJC_ARC = YES;
				CLANG_ENABLE_OBJC_WEAK = YES;
				CLANG_WARN_BLOCK_CAPTURE_AUTORELEASING = YES;
				CLANG_WARN_BOOL_CONVERSION = YES;
				CLANG_WARN_COMMA = YES;
				CLANG_WARN_CONSTANT_CONVERSION = YES;
				CLANG_WARN_DEPRECATED_OBJC_IMPLEMENTATIONS = YES;
				CLANG_WARN_DIRECT_OBJC_ISA_USAGE = YES_ERROR;
				CLANG_WARN_DOCUMENTATION_COMMENTS = YES;
				CLANG_WARN_EMPTY_BODY = YES;
				CLANG_WARN_ENUM_CONVERSION = YES;
				CLANG_WARN_INFINITE_RECURSION = YES;
				CLANG_WARN_INT_CONVERSION = YES;
				CLANG_WARN_NON_LITERAL_NULL_CONVERSION = YES;
				CLANG_WARN_OBJC_IMPLICIT_RETAIN_SELF = YES;
				CLANG_WARN_OBJC_LITERAL_CONVERSION = YES;
				CLANG_WARN_OBJC_ROOT_CLASS = YES_ERROR;
				CLANG_WARN_RANGE_LOOP_ANALYSIS = YES;
				CLANG_WARN_STRICT_PROTOTYPES = YES;
				CLANG_WARN_SUSPICIOUS_MOVE = YES;
				CLANG_WARN_UNGUARDED_AVAILABILITY = YES_AGGRESSIVE;
				CLANG_WARN_UNREACHABLE_CODE = YES;
				CLANG_WARN__DUPLICATE_METHOD_MATCH = YES;
				CODE_SIGN_IDENTITY = "iPhone Developer";
				COPY_PHASE_STRIP = NO;
				DEBUG_INFORMATION_FORMAT = dwarf;
				DEFINES_MODULE = YES;
				ENABLE_STRICT_OBJC_MSGSEND = YES;
				ENABLE_TESTABILITY = YES;
				GCC_C_LANGUAGE_STANDARD = gnu11;
				GCC_DYNAMIC_NO_PIC = NO;
				GCC_NO_COMMON_BLOCKS = YES;
				GCC_OPTIMIZATION_LEVEL = 0;
				GCC_PREPROCESSOR_DEFINITIONS = (
					"DEBUG=1",
					"$(inherited)",
				);
				GCC_WARN_64_TO_32_BIT_CONVERSION = YES;
				GCC_WARN_ABOUT_RETURN_TYPE = YES_ERROR;
				GCC_WARN_UNDECLARED_SELECTOR = YES;
				GCC_WARN_UNINITIALIZED_AUTOS = YES_AGGRESSIVE;
				GCC_WARN_UNUSED_FUNCTION = YES;
				GCC_WARN_UNUSED_VARIABLE = YES;
				IPHONEOS_DEPLOYMENT_TARGET = 12.2;
				MTL_ENABLE_DEBUG_INFO = INCLUDE_SOURCE;
				MTL_FAST_MATH = YES;
				ONLY_ACTIVE_ARCH = YES;
				SDKROOT = iphoneos;
				SWIFT_ACTIVE_COMPILATION_CONDITIONS = DEBUG;
				SWIFT_OPTIMIZATION_LEVEL = "-Onone";
			};
			name = Debug;
		};
		CA24A87F22DED875008E5B27 /* Release */ = {
			isa = XCBuildConfiguration;
			buildSettings = {
				ALWAYS_SEARCH_USER_PATHS = NO;
				CLANG_ANALYZER_NONNULL = YES;
				CLANG_ANALYZER_NUMBER_OBJECT_CONVERSION = YES_AGGRESSIVE;
				CLANG_CXX_LANGUAGE_STANDARD = "gnu++14";
				CLANG_CXX_LIBRARY = "libc++";
				CLANG_ENABLE_MODULES = YES;
				CLANG_ENABLE_OBJC_ARC = YES;
				CLANG_ENABLE_OBJC_WEAK = YES;
				CLANG_WARN_BLOCK_CAPTURE_AUTORELEASING = YES;
				CLANG_WARN_BOOL_CONVERSION = YES;
				CLANG_WARN_COMMA = YES;
				CLANG_WARN_CONSTANT_CONVERSION = YES;
				CLANG_WARN_DEPRECATED_OBJC_IMPLEMENTATIONS = YES;
				CLANG_WARN_DIRECT_OBJC_ISA_USAGE = YES_ERROR;
				CLANG_WARN_DOCUMENTATION_COMMENTS = YES;
				CLANG_WARN_EMPTY_BODY = YES;
				CLANG_WARN_ENUM_CONVERSION = YES;
				CLANG_WARN_INFINITE_RECURSION = YES;
				CLANG_WARN_INT_CONVERSION = YES;
				CLANG_WARN_NON_LITERAL_NULL_CONVERSION = YES;
				CLANG_WARN_OBJC_IMPLICIT_RETAIN_SELF = YES;
				CLANG_WARN_OBJC_LITERAL_CONVERSION = YES;
				CLANG_WARN_OBJC_ROOT_CLASS = YES_ERROR;
				CLANG_WARN_RANGE_LOOP_ANALYSIS = YES;
				CLANG_WARN_STRICT_PROTOTYPES = YES;
				CLANG_WARN_SUSPICIOUS_MOVE = YES;
				CLANG_WARN_UNGUARDED_AVAILABILITY = YES_AGGRESSIVE;
				CLANG_WARN_UNREACHABLE_CODE = YES;
				CLANG_WARN__DUPLICATE_METHOD_MATCH = YES;
				CODE_SIGN_IDENTITY = "iPhone Developer";
				COPY_PHASE_STRIP = NO;
				DEBUG_INFORMATION_FORMAT = "dwarf-with-dsym";
				DEFINES_MODULE = YES;
				ENABLE_NS_ASSERTIONS = NO;
				ENABLE_STRICT_OBJC_MSGSEND = YES;
				GCC_C_LANGUAGE_STANDARD = gnu11;
				GCC_NO_COMMON_BLOCKS = YES;
				GCC_WARN_64_TO_32_BIT_CONVERSION = YES;
				GCC_WARN_ABOUT_RETURN_TYPE = YES_ERROR;
				GCC_WARN_UNDECLARED_SELECTOR = YES;
				GCC_WARN_UNINITIALIZED_AUTOS = YES_AGGRESSIVE;
				GCC_WARN_UNUSED_FUNCTION = YES;
				GCC_WARN_UNUSED_VARIABLE = YES;
				IPHONEOS_DEPLOYMENT_TARGET = 12.2;
				MTL_ENABLE_DEBUG_INFO = NO;
				MTL_FAST_MATH = YES;
				SDKROOT = iphoneos;
				SWIFT_COMPILATION_MODE = wholemodule;
				SWIFT_OPTIMIZATION_LEVEL = "-O";
				VALIDATE_PRODUCT = YES;
			};
			name = Release;
		};
		CA24A88122DED875008E5B27 /* Debug */ = {
			isa = XCBuildConfiguration;
			baseConfigurationReference = 5B975A14E1190491AC33BA16 /* Pods-VideoPlayerDemo2.debug.xcconfig */;
			buildSettings = {
				ASSETCATALOG_COMPILER_APPICON_NAME = AppIcon;
				CODE_SIGN_STYLE = Automatic;
				DEVELOPMENT_TEAM = "";
				INFOPLIST_FILE = VideoPlayerDemo2/Info.plist;
				LD_RUNPATH_SEARCH_PATHS = (
					"$(inherited)",
					"@executable_path/Frameworks",
				);
				PRODUCT_BUNDLE_IDENTIFIER = tcmobile.VideoPlayerDemo2;
				PRODUCT_NAME = "$(TARGET_NAME)";
				SWIFT_VERSION = 5.0;
				TARGETED_DEVICE_FAMILY = "1,2";
			};
			name = Debug;
		};
		CA24A88222DED875008E5B27 /* Release */ = {
			isa = XCBuildConfiguration;
			baseConfigurationReference = 6499483C3918259046BB2855 /* Pods-VideoPlayerDemo2.release.xcconfig */;
			buildSettings = {
				ASSETCATALOG_COMPILER_APPICON_NAME = AppIcon;
				CODE_SIGN_STYLE = Automatic;
				DEVELOPMENT_TEAM = "";
				INFOPLIST_FILE = VideoPlayerDemo2/Info.plist;
				LD_RUNPATH_SEARCH_PATHS = (
					"$(inherited)",
					"@executable_path/Frameworks",
				);
				PRODUCT_BUNDLE_IDENTIFIER = tcmobile.VideoPlayerDemo2;
				PRODUCT_NAME = "$(TARGET_NAME)";
				SWIFT_VERSION = 5.0;
				TARGETED_DEVICE_FAMILY = "1,2";
			};
			name = Release;
		};
		CA24A88422DED875008E5B27 /* Debug */ = {
			isa = XCBuildConfiguration;
			baseConfigurationReference = FCD328763E91C47F6E53C2FE /* Pods-VideoPlayerDemo2Tests.debug.xcconfig */;
			buildSettings = {
				ALWAYS_EMBED_SWIFT_STANDARD_LIBRARIES = YES;
				BUNDLE_LOADER = "$(TEST_HOST)";
				CODE_SIGN_STYLE = Automatic;
				INFOPLIST_FILE = VideoPlayerDemo2Tests/Info.plist;
				LD_RUNPATH_SEARCH_PATHS = (
					"$(inherited)",
					"@executable_path/Frameworks",
					"@loader_path/Frameworks",
				);
				PRODUCT_BUNDLE_IDENTIFIER = tcmobile.VideoPlayerDemo2Tests;
				PRODUCT_NAME = "$(TARGET_NAME)";
				SWIFT_VERSION = 5.0;
				TARGETED_DEVICE_FAMILY = "1,2";
				TEST_HOST = "$(BUILT_PRODUCTS_DIR)/VideoPlayerDemo2.app/VideoPlayerDemo2";
			};
			name = Debug;
		};
		CA24A88522DED875008E5B27 /* Release */ = {
			isa = XCBuildConfiguration;
			baseConfigurationReference = 9F53EB56A61D4147E5B700A2 /* Pods-VideoPlayerDemo2Tests.release.xcconfig */;
			buildSettings = {
				ALWAYS_EMBED_SWIFT_STANDARD_LIBRARIES = YES;
				BUNDLE_LOADER = "$(TEST_HOST)";
				CODE_SIGN_STYLE = Automatic;
				INFOPLIST_FILE = VideoPlayerDemo2Tests/Info.plist;
				LD_RUNPATH_SEARCH_PATHS = (
					"$(inherited)",
					"@executable_path/Frameworks",
					"@loader_path/Frameworks",
				);
				PRODUCT_BUNDLE_IDENTIFIER = tcmobile.VideoPlayerDemo2Tests;
				PRODUCT_NAME = "$(TARGET_NAME)";
				SWIFT_VERSION = 5.0;
				TARGETED_DEVICE_FAMILY = "1,2";
				TEST_HOST = "$(BUILT_PRODUCTS_DIR)/VideoPlayerDemo2.app/VideoPlayerDemo2";
			};
			name = Release;
		};
		CA24A88722DED875008E5B27 /* Debug */ = {
			isa = XCBuildConfiguration;
			baseConfigurationReference = F7F0E1D334B42DB6B6BE9A89 /* Pods-VideoPlayerDemo2UITests.debug.xcconfig */;
			buildSettings = {
				ALWAYS_EMBED_SWIFT_STANDARD_LIBRARIES = YES;
				CODE_SIGN_STYLE = Automatic;
				INFOPLIST_FILE = VideoPlayerDemo2UITests/Info.plist;
				LD_RUNPATH_SEARCH_PATHS = (
					"$(inherited)",
					"@executable_path/Frameworks",
					"@loader_path/Frameworks",
				);
				PRODUCT_BUNDLE_IDENTIFIER = tcmobile.VideoPlayerDemo2UITests;
				PRODUCT_NAME = "$(TARGET_NAME)";
				SWIFT_VERSION = 5.0;
				TARGETED_DEVICE_FAMILY = "1,2";
				TEST_TARGET_NAME = VideoPlayerDemo2;
			};
			name = Debug;
		};
		CA24A88822DED875008E5B27 /* Release */ = {
			isa = XCBuildConfiguration;
			baseConfigurationReference = 2529854D578E0EDB6790EF62 /* Pods-VideoPlayerDemo2UITests.release.xcconfig */;
			buildSettings = {
				ALWAYS_EMBED_SWIFT_STANDARD_LIBRARIES = YES;
				CODE_SIGN_STYLE = Automatic;
				INFOPLIST_FILE = VideoPlayerDemo2UITests/Info.plist;
				LD_RUNPATH_SEARCH_PATHS = (
					"$(inherited)",
					"@executable_path/Frameworks",
					"@loader_path/Frameworks",
				);
				PRODUCT_BUNDLE_IDENTIFIER = tcmobile.VideoPlayerDemo2UITests;
				PRODUCT_NAME = "$(TARGET_NAME)";
				SWIFT_VERSION = 5.0;
				TARGETED_DEVICE_FAMILY = "1,2";
				TEST_TARGET_NAME = VideoPlayerDemo2;
			};
			name = Release;
		};
/* End XCBuildConfiguration section */

/* Begin XCConfigurationList section */
		CA24A85322DED874008E5B27 /* Build configuration list for PBXProject "VideoPlayerDemo2" */ = {
			isa = XCConfigurationList;
			buildConfigurations = (
				CA24A87E22DED875008E5B27 /* Debug */,
				CA24A87F22DED875008E5B27 /* Release */,
			);
			defaultConfigurationIsVisible = 0;
			defaultConfigurationName = Release;
		};
		CA24A88022DED875008E5B27 /* Build configuration list for PBXNativeTarget "VideoPlayerDemo2" */ = {
			isa = XCConfigurationList;
			buildConfigurations = (
				CA24A88122DED875008E5B27 /* Debug */,
				CA24A88222DED875008E5B27 /* Release */,
			);
			defaultConfigurationIsVisible = 0;
			defaultConfigurationName = Release;
		};
		CA24A88322DED875008E5B27 /* Build configuration list for PBXNativeTarget "VideoPlayerDemo2Tests" */ = {
			isa = XCConfigurationList;
			buildConfigurations = (
				CA24A88422DED875008E5B27 /* Debug */,
				CA24A88522DED875008E5B27 /* Release */,
			);
			defaultConfigurationIsVisible = 0;
			defaultConfigurationName = Release;
		};
		CA24A88622DED875008E5B27 /* Build configuration list for PBXNativeTarget "VideoPlayerDemo2UITests" */ = {
			isa = XCConfigurationList;
			buildConfigurations = (
				CA24A88722DED875008E5B27 /* Debug */,
				CA24A88822DED875008E5B27 /* Release */,
			);
			defaultConfigurationIsVisible = 0;
			defaultConfigurationName = Release;
		};
/* End XCConfigurationList section */
	};
	rootObject = CA24A85022DED874008E5B27 /* Project object */;
}
